
Microsoft Visual Studio Solution File, Format Version 11.00
# Visual Studio 2010
Project("{FAE04EC0-301F-11D3-BF4B-00C04F79EFBC}") = "Nextbus", "Nextbus\Nextbus.csproj", "{202A43AE-B021-4215-9B35-EFB5D901C900}"
EndProject
Project("{FAE04EC0-301F-11D3-BF4B-00C04F79EFBC}") = "NextbusTester", "NextbusTester\NextbusTester.csproj", "{DBDA3B4C-2006-47D0-8460-9AC1F191B214}"
EndProject
Global
	GlobalSection(SolutionConfigurationPlatforms) = preSolution
		Debug|Any CPU = Debug|Any CPU
		Debug|Mixed Platforms = Debug|Mixed Platforms
		Debug|x86 = Debug|x86
		Release|Any CPU = Release|Any CPU
		Release|Mixed Platforms = Release|Mixed Platforms
		Release|x86 = Release|x86
	EndGlobalSection
	GlobalSection(ProjectConfigurationPlatforms) = postSolution
		{202A43AE-B021-4215-9B35-EFB5D901C900}.Debug|Any CPU.ActiveCfg = Debug|Any CPU
		{202A43AE-B021-4215-9B35-EFB5D901C900}.Debug|Any CPU.Build.0 = Debug|Any CPU
		{202A43AE-B021-4215-9B35-EFB5D901C900}.Debug|Mixed Platforms.ActiveCfg = Debug|Any CPU
		{202A43AE-B021-4215-9B35-EFB5D901C900}.Debug|Mixed Platforms.Build.0 = Debug|Any CPU
		{202A43AE-B021-4215-9B35-EFB5D901C900}.Debug|x86.ActiveCfg = Debug|Any CPU
		{202A43AE-B021-4215-9B35-EFB5D901C900}.Release|Any CPU.ActiveCfg = Release|Any CPU
		{202A43AE-B021-4215-9B35-EFB5D901C900}.Release|Any CPU.Build.0 = Release|Any CPU
		{202A43AE-B021-4215-9B35-EFB5D901C900}.Release|Mixed Platforms.ActiveCfg = Release|Any CPU
		{202A43AE-B021-4215-9B35-EFB5D901C900}.Release|Mixed Platforms.Build.0 = Release|Any CPU
		{202A43AE-B021-4215-9B35-EFB5D901C900}.Release|x86.ActiveCfg = Release|Any CPU
		{DBDA3B4C-2006-47D0-8460-9AC1F191B214}.Debug|Any CPU.ActiveCfg = Debug|x86
		{DBDA3B4C-2006-47D0-8460-9AC1F191B214}.Debug|Mixed Platforms.ActiveCfg = Debug|x86
		{DBDA3B4C-2006-47D0-8460-9AC1F191B214}.Debug|Mixed Platforms.Build.0 = Debug|x86
		{DBDA3B4C-2006-47D0-8460-9AC1F191B214}.Debug|x86.ActiveCfg = Debug|x86
		{DBDA3B4C-2006-47D0-8460-9AC1F191B214}.Debug|x86.Build.0 = Debug|x86
		{DBDA3B4C-2006-47D0-8460-9AC1F191B214}.Release|Any CPU.ActiveCfg = Release|x86
		{DBDA3B4C-2006-47D0-8460-9AC1F191B214}.Release|Mixed Platforms.ActiveCfg = Release|x86
		{DBDA3B4C-2006-47D0-8460-9AC1F191B214}.Release|Mixed Platforms.Build.0 = Release|x86
		{DBDA3B4C-2006-47D0-8460-9AC1F191B214}.Release|x86.ActiveCfg = Release|x86
		{DBDA3B4C-2006-47D0-8460-9AC1F191B214}.Release|x86.Build.0 = Release|x86
	EndGlobalSection
	GlobalSection(SolutionProperties) = preSolution
		HideSolutionNode = FALSE
	EndGlobalSection
EndGlobal
