
Microsoft Visual Studio Solution File, Format Version 11.00
# Visual Studio 2010
Project("{FAE04EC0-301F-11D3-BF4B-00C04F79EFBC}") = "Nextbus1", "Nextbus1\Nextbus1.csproj", "{03A91A14-59A0-4777-8623-6BE991EB3BCC}"
EndProject
Project("{FAE04EC0-301F-11D3-BF4B-00C04F79EFBC}") = "NextbusApp", "NextbusApp\NextbusApp.csproj", "{655FD544-43EF-444E-84F4-D2FEAEEBD21C}"
EndProject
Global
	GlobalSection(SolutionConfigurationPlatforms) = preSolution
		Debug|x86 = Debug|x86
		Release|x86 = Release|x86
	EndGlobalSection
	GlobalSection(ProjectConfigurationPlatforms) = postSolution
		{03A91A14-59A0-4777-8623-6BE991EB3BCC}.Debug|x86.ActiveCfg = Debug|x86
		{03A91A14-59A0-4777-8623-6BE991EB3BCC}.Debug|x86.Build.0 = Debug|x86
		{03A91A14-59A0-4777-8623-6BE991EB3BCC}.Release|x86.ActiveCfg = Release|x86
		{03A91A14-59A0-4777-8623-6BE991EB3BCC}.Release|x86.Build.0 = Release|x86
		{655FD544-43EF-444E-84F4-D2FEAEEBD21C}.Debug|x86.ActiveCfg = Debug|x86
		{655FD544-43EF-444E-84F4-D2FEAEEBD21C}.Debug|x86.Build.0 = Debug|x86
		{655FD544-43EF-444E-84F4-D2FEAEEBD21C}.Release|x86.ActiveCfg = Release|x86
		{655FD544-43EF-444E-84F4-D2FEAEEBD21C}.Release|x86.Build.0 = Release|x86
	EndGlobalSection
	GlobalSection(SolutionProperties) = preSolution
		HideSolutionNode = FALSE
	EndGlobalSection
EndGlobal
