
Microsoft Visual Studio Solution File, Format Version 11.00
# Visual Studio 2010
Project("{FAE04EC0-301F-11D3-BF4B-00C04F79EFBC}") = "NextBusWPF", "NextBusWPF\NextBusWPF.csproj", "{243C5E81-D87E-42EB-B4FB-D95B6DEF50CF}"
EndProject
Project("{FAE04EC0-301F-11D3-BF4B-00C04F79EFBC}") = "NextBus1", "NextBus1\NextBus1.csproj", "{B8AA1A91-5229-4EE6-B8C1-3A7FF4A62648}"
EndProject
Global
	GlobalSection(SolutionConfigurationPlatforms) = preSolution
		Debug|Any CPU = Debug|Any CPU
		Debug|Mixed Platforms = Debug|Mixed Platforms
		Debug|x86 = Debug|x86
		Release|Any CPU = Release|Any CPU
		Release|Mixed Platforms = Release|Mixed Platforms
		Release|x86 = Release|x86
	EndGlobalSection
	GlobalSection(ProjectConfigurationPlatforms) = postSolution
		{243C5E81-D87E-42EB-B4FB-D95B6DEF50CF}.Debug|Any CPU.ActiveCfg = Debug|x86
		{243C5E81-D87E-42EB-B4FB-D95B6DEF50CF}.Debug|Mixed Platforms.ActiveCfg = Debug|x86
		{243C5E81-D87E-42EB-B4FB-D95B6DEF50CF}.Debug|Mixed Platforms.Build.0 = Debug|x86
		{243C5E81-D87E-42EB-B4FB-D95B6DEF50CF}.Debug|x86.ActiveCfg = Debug|x86
		{243C5E81-D87E-42EB-B4FB-D95B6DEF50CF}.Debug|x86.Build.0 = Debug|x86
		{243C5E81-D87E-42EB-B4FB-D95B6DEF50CF}.Release|Any CPU.ActiveCfg = Release|x86
		{243C5E81-D87E-42EB-B4FB-D95B6DEF50CF}.Release|Mixed Platforms.ActiveCfg = Release|x86
		{243C5E81-D87E-42EB-B4FB-D95B6DEF50CF}.Release|Mixed Platforms.Build.0 = Release|x86
		{243C5E81-D87E-42EB-B4FB-D95B6DEF50CF}.Release|x86.ActiveCfg = Release|x86
		{243C5E81-D87E-42EB-B4FB-D95B6DEF50CF}.Release|x86.Build.0 = Release|x86
		{B8AA1A91-5229-4EE6-B8C1-3A7FF4A62648}.Debug|Any CPU.ActiveCfg = Debug|Any CPU
		{B8AA1A91-5229-4EE6-B8C1-3A7FF4A62648}.Debug|Any CPU.Build.0 = Debug|Any CPU
		{B8AA1A91-5229-4EE6-B8C1-3A7FF4A62648}.Debug|Mixed Platforms.ActiveCfg = Debug|Any CPU
		{B8AA1A91-5229-4EE6-B8C1-3A7FF4A62648}.Debug|Mixed Platforms.Build.0 = Debug|Any CPU
		{B8AA1A91-5229-4EE6-B8C1-3A7FF4A62648}.Debug|x86.ActiveCfg = Debug|Any CPU
		{B8AA1A91-5229-4EE6-B8C1-3A7FF4A62648}.Release|Any CPU.ActiveCfg = Release|Any CPU
		{B8AA1A91-5229-4EE6-B8C1-3A7FF4A62648}.Release|Any CPU.Build.0 = Release|Any CPU
		{B8AA1A91-5229-4EE6-B8C1-3A7FF4A62648}.Release|Mixed Platforms.ActiveCfg = Release|Any CPU
		{B8AA1A91-5229-4EE6-B8C1-3A7FF4A62648}.Release|Mixed Platforms.Build.0 = Release|Any CPU
		{B8AA1A91-5229-4EE6-B8C1-3A7FF4A62648}.Release|x86.ActiveCfg = Release|Any CPU
	EndGlobalSection
	GlobalSection(SolutionProperties) = preSolution
		HideSolutionNode = FALSE
	EndGlobalSection
EndGlobal
